
Microsoft Visual Studio Solution File, Format Version 12.00
# Visual Studio Version 17
VisualStudioVersion = 17.9.34622.214
MinimumVisualStudioVersion = 10.0.40219.1
Project("{FAE04EC0-301F-11D3-BF4B-00C04F79EFBC}") = "Ejemplos", "Ejemplos.csproj", "{F778B51A-592B-4E8F-B039-D6C98F5F4731}"
EndProject
Global
	GlobalSection(SolutionConfigurationPlatforms) = preSolution
		Debug|Any CPU = Debug|Any CPU
		Release|Any CPU = Release|Any CPU
	EndGlobalSection
	GlobalSection(ProjectConfigurationPlatforms) = postSolution
		{F778B51A-592B-4E8F-B039-D6C98F5F4731}.Debug|Any CPU.ActiveCfg = Debug|Any CPU
		{F778B51A-592B-4E8F-B039-D6C98F5F4731}.Debug|Any CPU.Build.0 = Debug|Any CPU
		{F778B51A-592B-4E8F-B039-D6C98F5F4731}.Release|Any CPU.ActiveCfg = Release|Any CPU
		{F778B51A-592B-4E8F-B039-D6C98F5F4731}.Release|Any CPU.Build.0 = Release|Any CPU
	EndGlobalSection
	GlobalSection(SolutionProperties) = preSolution
		HideSolutionNode = FALSE
	EndGlobalSection
	GlobalSection(ExtensibilityGlobals) = postSolution
		SolutionGuid = {54C75089-5C06-4124-AC78-A27921ADF0D3}
	EndGlobalSection
EndGlobal
